
Microsoft Visual Studio Solution File, Format Version 12.00
# Visual Studio 15
VisualStudioVersion = 15.0.27130.2026
MinimumVisualStudioVersion = 10.0.40219.1
Project("{FAE04EC0-301F-11D3-BF4B-00C04F79EFBC}") = "Celeste-Addons", "Game\Celeste-Addons.csproj", "{9421C56C-5D04-4ABF-B645-A2195DFC115F}"
EndProject
Project("{FAE04EC0-301F-11D3-BF4B-00C04F79EFBC}") = "CelesteStudio", "Tools\CelesteStudio.csproj", "{51388820-C0EE-420A-BB43-94C7F75145FC}"
EndProject
Project("{FAE04EC0-301F-11D3-BF4B-00C04F79EFBC}") = "Celeste-AddonsGL", "Game\Celeste-AddonsGL.csproj", "{64B6C464-7D24-419A-B255-4C0560CC763B}"
EndProject
Global
	GlobalSection(SolutionConfigurationPlatforms) = preSolution
		Debug|Any CPU = Debug|Any CPU
		Release|Any CPU = Release|Any CPU
	EndGlobalSection
	GlobalSection(ProjectConfigurationPlatforms) = postSolution
		{9421C56C-5D04-4ABF-B645-A2195DFC115F}.Debug|Any CPU.ActiveCfg = Debug|Any CPU
		{9421C56C-5D04-4ABF-B645-A2195DFC115F}.Debug|Any CPU.Build.0 = Debug|Any CPU
		{9421C56C-5D04-4ABF-B645-A2195DFC115F}.Release|Any CPU.ActiveCfg = Release|Any CPU
		{9421C56C-5D04-4ABF-B645-A2195DFC115F}.Release|Any CPU.Build.0 = Release|Any CPU
		{51388820-C0EE-420A-BB43-94C7F75145FC}.Debug|Any CPU.ActiveCfg = Debug|Any CPU
		{51388820-C0EE-420A-BB43-94C7F75145FC}.Debug|Any CPU.Build.0 = Debug|Any CPU
		{51388820-C0EE-420A-BB43-94C7F75145FC}.Release|Any CPU.ActiveCfg = Release|Any CPU
		{51388820-C0EE-420A-BB43-94C7F75145FC}.Release|Any CPU.Build.0 = Release|Any CPU
		{64B6C464-7D24-419A-B255-4C0560CC763B}.Debug|Any CPU.ActiveCfg = Debug|Any CPU
		{64B6C464-7D24-419A-B255-4C0560CC763B}.Debug|Any CPU.Build.0 = Debug|Any CPU
		{64B6C464-7D24-419A-B255-4C0560CC763B}.Release|Any CPU.ActiveCfg = Release|Any CPU
		{64B6C464-7D24-419A-B255-4C0560CC763B}.Release|Any CPU.Build.0 = Release|Any CPU
	EndGlobalSection
	GlobalSection(SolutionProperties) = preSolution
		HideSolutionNode = FALSE
	EndGlobalSection
	GlobalSection(ExtensibilityGlobals) = postSolution
		SolutionGuid = {82665E39-430A-407B-AFC4-0AB5BDED65E2}
	EndGlobalSection
EndGlobal
