
Microsoft Visual Studio Solution File, Format Version 12.00
# Visual Studio 15
Project("{FAE04EC0-301F-11D3-BF4B-00C04F79EFBC}") = "CelesteStudio", "CelesteStudio.csproj", "{51388820-C0EE-420A-BB43-94C7F75145FC}"
EndProject
Global
	GlobalSection(SolutionConfigurationPlatforms) = preSolution
		Debug|Any CPU = Debug|Any CPU
		Release|Any CPU = Release|Any CPU
	EndGlobalSection
	GlobalSection(ProjectConfigurationPlatforms) = postSolution
		{51388820-C0EE-420A-BB43-94C7F75145FC}.Debug|Any CPU.ActiveCfg = Debug|Any CPU
		{51388820-C0EE-420A-BB43-94C7F75145FC}.Debug|Any CPU.Build.0 = Debug|Any CPU
		{51388820-C0EE-420A-BB43-94C7F75145FC}.Release|Any CPU.ActiveCfg = Release|Any CPU
		{51388820-C0EE-420A-BB43-94C7F75145FC}.Release|Any CPU.Build.0 = Release|Any CPU
	EndGlobalSection
EndGlobal
